
Microsoft Visual Studio Solution File, Format Version 12.00
# Visual Studio Version 17
VisualStudioVersion = 17.14.36408.4 d17.14
MinimumVisualStudioVersion = 10.0.40219.1
Project("{FAE04EC0-301F-11D3-BF4B-00C04F79EFBC}") = "Task 1", "Task 1\Task 1.csproj", "{B141B375-D772-4179-B67C-1C1E2D414E59}"
EndProject
Project("{FAE04EC0-301F-11D3-BF4B-00C04F79EFBC}") = "Task 2", "Task 2\Task 2.csproj", "{B2F5080F-5DAC-4A27-B97A-E4BB0F13FE31}"
EndProject
Project("{FAE04EC0-301F-11D3-BF4B-00C04F79EFBC}") = "Task 3", "Task 3\Task 3.csproj", "{C5E1BBCF-5175-4998-BF44-E0AB70E3FF54}"
EndProject
Global
	GlobalSection(SolutionConfigurationPlatforms) = preSolution
		Debug|Any CPU = Debug|Any CPU
		Release|Any CPU = Release|Any CPU
	EndGlobalSection
	GlobalSection(ProjectConfigurationPlatforms) = postSolution
		{B141B375-D772-4179-B67C-1C1E2D414E59}.Debug|Any CPU.ActiveCfg = Debug|Any CPU
		{B141B375-D772-4179-B67C-1C1E2D414E59}.Debug|Any CPU.Build.0 = Debug|Any CPU
		{B141B375-D772-4179-B67C-1C1E2D414E59}.Release|Any CPU.ActiveCfg = Release|Any CPU
		{B141B375-D772-4179-B67C-1C1E2D414E59}.Release|Any CPU.Build.0 = Release|Any CPU
		{B2F5080F-5DAC-4A27-B97A-E4BB0F13FE31}.Debug|Any CPU.ActiveCfg = Debug|Any CPU
		{B2F5080F-5DAC-4A27-B97A-E4BB0F13FE31}.Debug|Any CPU.Build.0 = Debug|Any CPU
		{B2F5080F-5DAC-4A27-B97A-E4BB0F13FE31}.Release|Any CPU.ActiveCfg = Release|Any CPU
		{B2F5080F-5DAC-4A27-B97A-E4BB0F13FE31}.Release|Any CPU.Build.0 = Release|Any CPU
		{C5E1BBCF-5175-4998-BF44-E0AB70E3FF54}.Debug|Any CPU.ActiveCfg = Debug|Any CPU
		{C5E1BBCF-5175-4998-BF44-E0AB70E3FF54}.Debug|Any CPU.Build.0 = Debug|Any CPU
		{C5E1BBCF-5175-4998-BF44-E0AB70E3FF54}.Release|Any CPU.ActiveCfg = Release|Any CPU
		{C5E1BBCF-5175-4998-BF44-E0AB70E3FF54}.Release|Any CPU.Build.0 = Release|Any CPU
	EndGlobalSection
	GlobalSection(SolutionProperties) = preSolution
		HideSolutionNode = FALSE
	EndGlobalSection
	GlobalSection(ExtensibilityGlobals) = postSolution
		SolutionGuid = {3B81EF6D-6B1F-4032-9712-3E0F0339DBDF}
	EndGlobalSection
EndGlobal
